
Microsoft Visual Studio Solution File, Format Version 12.00
# Visual Studio Version 16
VisualStudioVersion = 16.0.31702.278
MinimumVisualStudioVersion = 10.0.40219.1
Project("{FAE04EC0-301F-11D3-BF4B-00C04F79EFBC}") = "Pizza_App", "Pizza_App.csproj", "{CAF586DF-3E90-4A3D-AF7D-51C3C2F11CEE}"
EndProject
Global
	GlobalSection(SolutionConfigurationPlatforms) = preSolution
		Debug|Any CPU = Debug|Any CPU
		Release|Any CPU = Release|Any CPU
	EndGlobalSection
	GlobalSection(ProjectConfigurationPlatforms) = postSolution
		{CAF586DF-3E90-4A3D-AF7D-51C3C2F11CEE}.Debug|Any CPU.ActiveCfg = Debug|Any CPU
		{CAF586DF-3E90-4A3D-AF7D-51C3C2F11CEE}.Debug|Any CPU.Build.0 = Debug|Any CPU
		{CAF586DF-3E90-4A3D-AF7D-51C3C2F11CEE}.Release|Any CPU.ActiveCfg = Release|Any CPU
		{CAF586DF-3E90-4A3D-AF7D-51C3C2F11CEE}.Release|Any CPU.Build.0 = Release|Any CPU
	EndGlobalSection
	GlobalSection(SolutionProperties) = preSolution
		HideSolutionNode = FALSE
	EndGlobalSection
	GlobalSection(ExtensibilityGlobals) = postSolution
		SolutionGuid = {2E17A556-2842-4B0A-9802-82C55E974D30}
	EndGlobalSection
EndGlobal
